<?xml version="1.0" encoding="utf-8"?>
<Project ToolsVersion="4.0" xmlns="http://schemas.microsoft.com/developer/msbuild/2003">
  <ItemGroup>
    <ClCompile Include="cheat\core\console.cpp" />
    <ClCompile Include="cheat\core\csgo_awaiter.cpp" />
    <ClCompile Include="cheat\core\csgo_interfaces.cpp" />
    <ClCompile Include="cheat\core\csgo_modules.cpp" />
    <ClCompile Include="cheat\service\impl.cpp" />
    <ClCompile Include="cheat\core\services_loader.cpp" />
    <ClCompile Include="cheat\csgo\entity\C_BaseAnimating.cpp" />
    <ClCompile Include="cheat\csgo\entity\C_BaseCombatCharacter.cpp" />
    <ClCompile Include="cheat\csgo\entity\C_BaseCombatWeapon.cpp" />
    <ClCompile Include="cheat\csgo\entity\C_BaseEntity.cpp" />
    <ClCompile Include="cheat\csgo\entity\C_BasePlayer.cpp" />
    <ClCompile Include="cheat\csgo\entity\C_CSPlayer.cpp" />
    <ClCompile Include="cheat\csgo\entity\C_WeaponCSBase.cpp" />
    <ClCompile Include="cheat\features\aimbot.cpp" />
    <ClCompile Include="cheat\gui\tools\animation_tools.cpp" />
    <ClCompile Include="cheat\gui\tools\button_info.cpp" />
    <ClCompile Include="cheat\gui\tools\cached_text.cpp" />
    <ClCompile Include="cheat\gui\tools\push_style_color.cpp" />
    <ClCompile Include="cheat\gui\tools\push_style_var.cpp" />
    <ClCompile Include="cheat\gui\widgets\checkbox.cpp" />
    <ClCompile Include="cheat\gui\widgets\window.cpp" />
    <ClCompile Include="cheat\gui\imgui_context.cpp" />
    <ClCompile Include="cheat\gui\menu.cpp" />
    <ClCompile Include="cheat\hooks\c_base_entity\estimate_abs_velocity.cpp" />
    <ClCompile Include="cheat\hooks\c_base_entity\estimate_abs_velocity_init.cpp" />
    <ClCompile Include="cheat\hooks\c_base_entity\should_interpolate.cpp" />
    <ClCompile Include="cheat\hooks\c_base_entity\should_interpolate_init.cpp" />
    <ClCompile Include="cheat\hooks\c_baseanimating\should_skip_animation_frame.cpp" />
    <ClCompile Include="cheat\hooks\c_baseanimating\should_skip_animation_frame_init.cpp" />
    <ClCompile Include="cheat\hooks\c_baseanimating\standard_blending_rules.cpp" />
    <ClCompile Include="cheat\hooks\c_baseanimating\standard_blending_rules_init.cpp" />
    <ClCompile Include="cheat\hooks\c_csplayer\do_extra_bone_processing.cpp" />
    <ClCompile Include="cheat\hooks\c_csplayer\do_extra_bone_processing_init.cpp" />
    <ClCompile Include="cheat\hooks\client\frame_stage_notify.cpp" />
    <ClCompile Include="cheat\hooks\client\frame_stage_notify_init.cpp" />
    <ClCompile Include="cheat\hooks\client mode\create_move.cpp" />
    <ClCompile Include="cheat\hooks\client mode\create_move_init.cpp" />
    <ClCompile Include="cheat\hooks\directx\present.cpp" />
    <ClCompile Include="cheat\hooks\directx\present_init.cpp" />
    <ClCompile Include="cheat\hooks\directx\reset.cpp" />
    <ClCompile Include="cheat\hooks\directx\reset_init.cpp" />
    <ClCompile Include="cheat\hooks\studio render\draw_model.cpp" />
    <ClCompile Include="cheat\hooks\studio render\draw_model_init.cpp" />
    <ClCompile Include="cheat\hooks\vgui surface\lock_cursor.cpp" />
    <ClCompile Include="cheat\hooks\vgui surface\lock_cursor_init.cpp" />
    <ClCompile Include="cheat\hooks\winapi\wndproc.cpp" />
    <ClCompile Include="cheat\hooks\winapi\wndproc_init.cpp" />
    <ClCompile Include="cheat\netvars\data_dumper.cpp" />
    <ClCompile Include="cheat\netvars\data_filler.cpp" />
    <ClCompile Include="cheat\netvars\data_handmade.cpp" />
    <ClCompile Include="cheat\netvars\netvars.cpp" />
    <ClCompile Include="cheat\netvars\type_resolve.cpp" />
    <ClCompile Include="cheat\players\player.cpp" />
    <ClCompile Include="cheat\players\players_list.cpp" />
    <ClCompile Include="cheat\players\tick_record.cpp" />
    <ClCompile Include="entry.cpp" />
    <ClCompile Include="cheat\gui\widgets\selectable.cpp" />
    <ClCompile Include="cheat\netvars\lazy.cpp" />
    <ClCompile Include="cheat\gui\effects.cpp" />
    <ClCompile Include="cheat\hooks\imgui\targets.cpp" />
    <ClCompile Include="cheat\utils\utils.ixx" />
    <ClCompile Include="cheat\utils\game.ixx" />
    <ClCompile Include="cheat\csgo\GlobalVars.ixx" />
    <ClCompile Include="cheat\csgo\structs.ixx" />
    <ClCompile Include="cheat\csgo\BaseClient.ixx" />
    <ClCompile Include="cheat\csgo\ConVar.ixx" />
    <ClCompile Include="cheat\csgo\math.ixx" />
    <ClCompile Include="cheat\csgo\Quaternion.ixx" />
    <ClCompile Include="cheat\csgo\VMatrix.ixx" />
    <ClCompile Include="cheat\csgo\Vector.ixx" />
    <ClCompile Include="cheat\csgo\VguiPanel.ixx" />
    <ClCompile Include="cheat\csgo\VguiSurface.ixx" />
    <ClCompile Include="cheat\csgo\ViewRender.ixx" />
    <ClCompile Include="cheat\csgo\UtlVector.ixx" />
    <ClCompile Include="cheat\csgo\AppSystem.ixx" />
    <ClCompile Include="cheat\csgo\BaseHandle.ixx" />
    <ClCompile Include="cheat\csgo\ClientClass.ixx" />
    <ClCompile Include="cheat\csgo\ClientEntity.ixx" />
    <ClCompile Include="cheat\csgo\ClientEntityList.ixx" />
    <ClCompile Include="cheat\csgo\ClientMode.ixx" />
    <ClCompile Include="cheat\csgo\ClientNetworkable.ixx" />
    <ClCompile Include="cheat\csgo\ClientRenderable.ixx" />
    <ClCompile Include="cheat\csgo\ClientState.ixx" />
    <ClCompile Include="cheat\csgo\ClientThinkable.ixx" />
    <ClCompile Include="cheat\csgo\ClientUnknown.ixx" />
    <ClCompile Include="cheat\csgo\Collideable.ixx" />
    <ClCompile Include="cheat\csgo\Color.ixx" />
    <ClCompile Include="cheat\csgo\DataMap.ixx" />
    <ClCompile Include="cheat\csgo\DebugOverlay.ixx" />
    <ClCompile Include="cheat\csgo\EngineClient.ixx" />
    <ClCompile Include="cheat\csgo\EngineSound.ixx" />
    <ClCompile Include="cheat\csgo\EngineTrace.ixx" />
    <ClCompile Include="cheat\csgo\GameEvents.ixx" />
    <ClCompile Include="cheat\csgo\GlowEffect.ixx" />
    <ClCompile Include="cheat\csgo\Input.ixx" />
    <ClCompile Include="cheat\csgo\InputSystem.ixx" />
    <ClCompile Include="cheat\csgo\MaterialSystem.ixx" />
    <ClCompile Include="cheat\csgo\MDLCache.ixx" />
    <ClCompile Include="cheat\csgo\ModelInfoClient.ixx" />
    <ClCompile Include="cheat\csgo\ModelRender.ixx" />
    <ClCompile Include="cheat\csgo\MoveHelper.ixx" />
    <ClCompile Include="cheat\csgo\Physics.ixx" />
    <ClCompile Include="cheat\csgo\Prediction.ixx" />
    <ClCompile Include="cheat\csgo\QAngle.ixx" />
    <ClCompile Include="cheat\csgo\Recv.ixx" />
    <ClCompile Include="cheat\csgo\RefCounted.ixx" />
    <ClCompile Include="cheat\csgo\RenderView.ixx" />
    <ClCompile Include="cheat\csgo\Studio.ixx" />
    <ClCompile Include="cheat\csgo\StudioRender.ixx" />
    <ClCompile Include="cheat\csgo\UserCmd.ixx" />
    <ClCompile Include="cheat\csgo\UtlMemory.ixx" />
    <ClCompile Include="cheat\csgo\BaseHadle.cpp" />
  </ItemGroup>
  <ItemGroup>
    <ClInclude Include="cheat\core\console.h" />
    <ClInclude Include="cheat\core\csgo_awaiter.h" />
    <ClInclude Include="cheat\core\csgo_modules.h" />
    <ClInclude Include="cheat\service\impl.h" />
    <ClInclude Include="cheat\core\services_loader.h" />
    <ClInclude Include="cheat\csgo\entity\C_BaseAnimating.h" />
    <ClInclude Include="cheat\csgo\entity\C_BaseCombatCharacter.h" />
    <ClInclude Include="cheat\csgo\entity\C_BaseCombatWeapon.h" />
    <ClInclude Include="cheat\csgo\entity\C_BaseEntity.h" />
    <ClInclude Include="cheat\csgo\entity\C_BasePlayer.h" />
    <ClInclude Include="cheat\csgo\entity\C_CSPlayer.h" />
    <ClInclude Include="cheat\csgo\entity\C_WeaponCSBase.h" />
    <ClInclude Include="cheat\features\aimbot.h" />
    <ClInclude Include="cheat\gui\tools\animation_tools.h" />
    <ClInclude Include="cheat\gui\tools\button_info.h" />
    <ClInclude Include="cheat\gui\tools\cached_text.h" />
    <ClInclude Include="cheat\gui\tools\imgui_id.h" />
    <ClInclude Include="cheat\gui\tools\push_style_color.h" />
    <ClInclude Include="cheat\gui\tools\push_style_var.h" />
    <ClInclude Include="cheat\gui\widgets\absrtact_renderable.h" />
    <ClInclude Include="cheat\gui\widgets\checkbox.h" />
    <ClInclude Include="cheat\gui\widgets\slider.h" />
    <ClInclude Include="cheat\gui\widgets\window.h" />
    <ClInclude Include="cheat\gui\imgui_context.h" />
    <ClInclude Include="cheat\gui\menu.h" />
    <ClInclude Include="cheat\hooks\c_base_entity\estimate_abs_velocity.h" />
    <ClInclude Include="cheat\hooks\c_baseanimating\should_skip_animation_frame.h" />
    <ClInclude Include="cheat\hooks\c_baseanimating\standard_blending_rules.h" />
    <ClInclude Include="cheat\hooks\c_csplayer\do_extra_bone_processing.h" />
    <ClInclude Include="cheat\hooks\client\frame_stage_notify.h" />
    <ClInclude Include="cheat\hooks\client mode\create_move.h" />
    <ClInclude Include="cheat\hooks\directx\present.h" />
    <ClInclude Include="cheat\hooks\directx\reset.h" />
    <ClInclude Include="cheat\hooks\studio render\draw_model.h" />
    <ClInclude Include="cheat\hooks\vgui surface\lock_cursor.h" />
    <ClInclude Include="cheat\hooks\winapi\wndproc.h" />
    <ClInclude Include="cheat\hooks\base.h" />
    <ClInclude Include="cheat\netvars\data_dumper.h" />
    <ClInclude Include="cheat\netvars\data_filler.h" />
    <ClInclude Include="cheat\netvars\data_handmade.h" />
    <ClInclude Include="cheat\netvars\storage.h" />
    <ClInclude Include="cheat\netvars\netvars.h" />
    <ClInclude Include="cheat\netvars\type_resolve.h" />
    <ClInclude Include="cheat\players\player.h" />
    <ClInclude Include="cheat\players\players_list.h" />
    <ClInclude Include="cheat\players\shared_holder.h" />
    <ClInclude Include="cheat\players\tick_record.h" />
    <ClInclude Include="cheat\utils\game.h" />
    <ClInclude Include="cheat\gui\widgets\selectable.h" />
    <ClInclude Include="cheat\service\include.h" />
    <ClInclude Include="cheat\service\state.h" />
    <ClInclude Include="cheat\service\stored.h" />
    <ClInclude Include="cheat\netvars\storage_ndebug.h" />
    <ClInclude Include="cheat\netvars\storage_iter.h" />
    <ClInclude Include="cheat\netvars\lazy.h" />
    <ClInclude Include="cheat\settings\shared_data.h" />
    <ClInclude Include="cheat\gui\effects.h" />
    <ClInclude Include="cheat\core\csgo_interfaces.h" />
  </ItemGroup>
</Project>