<?xml version="1.0" encoding="utf-8"?>
<Project ToolsVersion="4.0" xmlns="http://schemas.microsoft.com/developer/msbuild/2003">
  <ItemGroup>
    <ClCompile Include="cheat\core\console.cpp" />
    <ClCompile Include="cheat\core\csgo_awaiter.cpp" />
    <ClCompile Include="cheat\core\csgo_interfaces.cpp" />
    <ClCompile Include="cheat\core\csgo_modules.cpp" />
    <ClCompile Include="cheat\service\impl.cpp" />
    <ClCompile Include="cheat\core\services_loader.cpp" />
    <ClCompile Include="cheat\csgo\entity\C_BaseAnimating.cpp" />
    <ClCompile Include="cheat\csgo\entity\C_BaseCombatCharacter.cpp" />
    <ClCompile Include="cheat\csgo\entity\C_BaseCombatWeapon.cpp" />
    <ClCompile Include="cheat\csgo\entity\C_BaseEntity.cpp" />
    <ClCompile Include="cheat\csgo\entity\C_BasePlayer.cpp" />
    <ClCompile Include="cheat\csgo\entity\C_CSPlayer.cpp" />
    <ClCompile Include="cheat\csgo\entity\C_WeaponCSBase.cpp" />
    <ClCompile Include="cheat\csgo\CBaseHandle.cpp" />
    <ClCompile Include="cheat\csgo\CInput.cpp" />
    <ClCompile Include="cheat\csgo\Color.cpp" />
    <ClCompile Include="cheat\csgo\IBaseClientDll.cpp" />
    <ClCompile Include="cheat\csgo\IConVar.cpp" />
    <ClCompile Include="cheat\csgo\IEngineTrace.cpp" />
    <ClCompile Include="cheat\csgo\QAngle.cpp" />
    <ClCompile Include="cheat\csgo\UtlString.cpp" />
    <ClCompile Include="cheat\csgo\Vector.cpp" />
    <ClCompile Include="cheat\csgo\Vector2D.cpp" />
    <ClCompile Include="cheat\csgo\Vector4D.cpp" />
    <ClCompile Include="cheat\csgo\VMatrix.cpp" />
    <ClCompile Include="cheat\features\aimbot.cpp" />
    <ClCompile Include="cheat\gui\tools\animation_tools.cpp" />
    <ClCompile Include="cheat\gui\tools\button_info.cpp" />
    <ClCompile Include="cheat\gui\tools\cached_text.cpp" />
    <ClCompile Include="cheat\gui\tools\push_style_color.cpp" />
    <ClCompile Include="cheat\gui\tools\push_style_var.cpp" />
    <ClCompile Include="cheat\gui\widgets\checkbox.cpp" />
    <ClCompile Include="cheat\gui\widgets\window.cpp" />
    <ClCompile Include="cheat\gui\imgui_context.cpp" />
    <ClCompile Include="cheat\gui\menu.cpp" />
    <ClCompile Include="cheat\hooks\c_base_entity\estimate_abs_velocity.cpp" />
    <ClCompile Include="cheat\hooks\c_base_entity\estimate_abs_velocity_init.cpp" />
    <ClCompile Include="cheat\hooks\c_base_entity\should_interpolate.cpp" />
    <ClCompile Include="cheat\hooks\c_base_entity\should_interpolate_init.cpp" />
    <ClCompile Include="cheat\hooks\c_baseanimating\should_skip_animation_frame.cpp" />
    <ClCompile Include="cheat\hooks\c_baseanimating\should_skip_animation_frame_init.cpp" />
    <ClCompile Include="cheat\hooks\c_baseanimating\standard_blending_rules.cpp" />
    <ClCompile Include="cheat\hooks\c_baseanimating\standard_blending_rules_init.cpp" />
    <ClCompile Include="cheat\hooks\c_csplayer\do_extra_bone_processing.cpp" />
    <ClCompile Include="cheat\hooks\c_csplayer\do_extra_bone_processing_init.cpp" />
    <ClCompile Include="cheat\hooks\client\frame_stage_notify.cpp" />
    <ClCompile Include="cheat\hooks\client\frame_stage_notify_init.cpp" />
    <ClCompile Include="cheat\hooks\client mode\create_move.cpp" />
    <ClCompile Include="cheat\hooks\client mode\create_move_init.cpp" />
    <ClCompile Include="cheat\hooks\directx\present.cpp" />
    <ClCompile Include="cheat\hooks\directx\present_init.cpp" />
    <ClCompile Include="cheat\hooks\directx\reset.cpp" />
    <ClCompile Include="cheat\hooks\directx\reset_init.cpp" />
    <ClCompile Include="cheat\hooks\studio render\draw_model.cpp" />
    <ClCompile Include="cheat\hooks\studio render\draw_model_init.cpp" />
    <ClCompile Include="cheat\hooks\vgui surface\lock_cursor.cpp" />
    <ClCompile Include="cheat\hooks\vgui surface\lock_cursor_init.cpp" />
    <ClCompile Include="cheat\hooks\winapi\wndproc.cpp" />
    <ClCompile Include="cheat\hooks\winapi\wndproc_init.cpp" />
    <ClCompile Include="cheat\netvars\data_dumper.cpp" />
    <ClCompile Include="cheat\netvars\data_filler.cpp" />
    <ClCompile Include="cheat\netvars\data_handmade.cpp" />
    <ClCompile Include="cheat\netvars\detail.cpp" />
    <ClCompile Include="cheat\netvars\netvars.cpp" />
    <ClCompile Include="cheat\netvars\type_resolve.cpp" />
    <ClCompile Include="cheat\players\player.cpp" />
    <ClCompile Include="cheat\players\players_list.cpp" />
    <ClCompile Include="cheat\players\tick_record.cpp" />
    <ClCompile Include="cheat\utils\game.cpp" />
    <ClCompile Include="entry.cpp" />
    <ClCompile Include="cheat\gui\widgets\selectable.cpp" />
  </ItemGroup>
  <ItemGroup>
    <ClInclude Include="cheat\core\console.h" />
    <ClInclude Include="cheat\core\csgo_awaiter.h" />
    <ClInclude Include="cheat\core\csgo_interfaces.h" />
    <ClInclude Include="cheat\core\csgo_modules.h" />
    <ClInclude Include="cheat\service\impl.h" />
    <ClInclude Include="cheat\core\services_loader.h" />
    <ClInclude Include="cheat\csgo\entity\C_BaseAnimating.h" />
    <ClInclude Include="cheat\csgo\entity\C_BaseCombatCharacter.h" />
    <ClInclude Include="cheat\csgo\entity\C_BaseCombatWeapon.h" />
    <ClInclude Include="cheat\csgo\entity\C_BaseEntity.h" />
    <ClInclude Include="cheat\csgo\entity\C_BasePlayer.h" />
    <ClInclude Include="cheat\csgo\entity\C_CSPlayer.h" />
    <ClInclude Include="cheat\csgo\entity\C_WeaponCSBase.h" />
    <ClInclude Include="cheat\csgo\CBaseHandle.hpp" />
    <ClInclude Include="cheat\csgo\CClientState.hpp" />
    <ClInclude Include="cheat\csgo\CInput.hpp" />
    <ClInclude Include="cheat\csgo\ClientClass.hpp" />
    <ClInclude Include="cheat\csgo\Color.hpp" />
    <ClInclude Include="cheat\csgo\CUserCmd.hpp" />
    <ClInclude Include="cheat\csgo\CUtlMemory.hpp" />
    <ClInclude Include="cheat\csgo\CUtlVector.hpp" />
    <ClInclude Include="cheat\csgo\datamap.hpp" />
    <ClInclude Include="cheat\csgo\Enums.hpp" />
    <ClInclude Include="cheat\csgo\GlobalVars.hpp" />
    <ClInclude Include="cheat\csgo\glow_outline_effect.hpp" />
    <ClInclude Include="cheat\csgo\IAppSystem.hpp" />
    <ClInclude Include="cheat\csgo\IBaseClientDll.hpp" />
    <ClInclude Include="cheat\csgo\IClientEntity.hpp" />
    <ClInclude Include="cheat\csgo\IClientEntityList.hpp" />
    <ClInclude Include="cheat\csgo\IClientMode.hpp" />
    <ClInclude Include="cheat\csgo\IClientNetworkable.hpp" />
    <ClInclude Include="cheat\csgo\IClientRenderable.hpp" />
    <ClInclude Include="cheat\csgo\IClientThinkable.hpp" />
    <ClInclude Include="cheat\csgo\IClientUnknown.hpp" />
    <ClInclude Include="cheat\csgo\ICollideable.hpp" />
    <ClInclude Include="cheat\csgo\IConVar.hpp" />
    <ClInclude Include="cheat\csgo\IEngineSound.hpp" />
    <ClInclude Include="cheat\csgo\IEngineTrace.hpp" />
    <ClInclude Include="cheat\csgo\IGameEventmanager.hpp" />
    <ClInclude Include="cheat\csgo\IHandleEntity.hpp" />
    <ClInclude Include="cheat\csgo\IInputSystem.hpp" />
    <ClInclude Include="cheat\csgo\IMaterialSystem.hpp" />
    <ClInclude Include="cheat\csgo\IMDLCache.hpp" />
    <ClInclude Include="cheat\csgo\IMoveHelper.hpp" />
    <ClInclude Include="cheat\csgo\IPanel.hpp" />
    <ClInclude Include="cheat\csgo\IPhysics.hpp" />
    <ClInclude Include="cheat\csgo\IPrediction.hpp" />
    <ClInclude Include="cheat\csgo\IRefCounted.hpp" />
    <ClInclude Include="cheat\csgo\IRenderView.hpp" />
    <ClInclude Include="cheat\csgo\IStudioRender.h" />
    <ClInclude Include="cheat\csgo\ISurface.hpp" />
    <ClInclude Include="cheat\csgo\IVDebugOverlay.hpp" />
    <ClInclude Include="cheat\csgo\IVEngineClient.hpp" />
    <ClInclude Include="cheat\csgo\IViewRender.hpp" />
    <ClInclude Include="cheat\csgo\IVModelInfoClient.hpp" />
    <ClInclude Include="cheat\csgo\IVModelRender.hpp" />
    <ClInclude Include="cheat\csgo\QAngle.hpp" />
    <ClInclude Include="cheat\csgo\Recv.hpp" />
    <ClInclude Include="cheat\csgo\Studio.hpp" />
    <ClInclude Include="cheat\csgo\UtlBuffer.hpp" />
    <ClInclude Include="cheat\csgo\UtlString.hpp" />
    <ClInclude Include="cheat\csgo\Vector.hpp" />
    <ClInclude Include="cheat\csgo\Vector2D.hpp" />
    <ClInclude Include="cheat\csgo\Vector4D.hpp" />
    <ClInclude Include="cheat\csgo\VMatrix.hpp" />
    <ClInclude Include="cheat\features\aimbot.h" />
    <ClInclude Include="cheat\gui\tools\animation_tools.h" />
    <ClInclude Include="cheat\gui\tools\button_info.h" />
    <ClInclude Include="cheat\gui\tools\cached_text.h" />
    <ClInclude Include="cheat\gui\tools\imgui_id.h" />
    <ClInclude Include="cheat\gui\tools\push_style_color.h" />
    <ClInclude Include="cheat\gui\tools\push_style_var.h" />
    <ClInclude Include="cheat\gui\widgets\absrtact_renderable.h" />
    <ClInclude Include="cheat\gui\widgets\checkbox.h" />
    <ClInclude Include="cheat\gui\widgets\slider.h" />
    <ClInclude Include="cheat\gui\widgets\window.h" />
    <ClInclude Include="cheat\gui\imgui_context.h" />
    <ClInclude Include="cheat\gui\menu.h" />
    <ClInclude Include="cheat\hooks\c_base_entity\estimate_abs_velocity.h" />
    <ClInclude Include="cheat\hooks\c_baseanimating\should_skip_animation_frame.h" />
    <ClInclude Include="cheat\hooks\c_baseanimating\standard_blending_rules.h" />
    <ClInclude Include="cheat\hooks\c_csplayer\do_extra_bone_processing.h" />
    <ClInclude Include="cheat\hooks\client\frame_stage_notify.h" />
    <ClInclude Include="cheat\hooks\client mode\create_move.h" />
    <ClInclude Include="cheat\hooks\directx\present.h" />
    <ClInclude Include="cheat\hooks\directx\reset.h" />
    <ClInclude Include="cheat\hooks\studio render\draw_model.h" />
    <ClInclude Include="cheat\hooks\vgui surface\lock_cursor.h" />
    <ClInclude Include="cheat\hooks\winapi\wndproc.h" />
    <ClInclude Include="cheat\hooks\base.h" />
    <ClInclude Include="cheat\netvars\data_dumper.h" />
    <ClInclude Include="cheat\netvars\data_filler.h" />
    <ClInclude Include="cheat\netvars\data_handmade.h" />
    <ClInclude Include="cheat\netvars\detail.h" />
    <ClInclude Include="cheat\netvars\netvars.h" />
    <ClInclude Include="cheat\netvars\type_resolve.h" />
    <ClInclude Include="cheat\players\player.h" />
    <ClInclude Include="cheat\players\players_list.h" />
    <ClInclude Include="cheat\players\shared_holder.h" />
    <ClInclude Include="cheat\players\tick_record.h" />
    <ClInclude Include="cheat\utils\game.h" />
    <ClInclude Include="cheat\gui\widgets\selectable.h" />
    <ClInclude Include="cheat\service\include.h" />
    <ClInclude Include="cheat\service\data.h" />
    <ClInclude Include="cheat\service\state.h" />
    <ClInclude Include="cheat\service\stored.h" />
  </ItemGroup>
</Project>