
Microsoft Visual Studio Solution File, Format Version 12.00
# Visual Studio Version 16
VisualStudioVersion = 16.0.31321.278
MinimumVisualStudioVersion = 10.0.40219.1
Project("{8BC9CEB8-8B4A-11D0-8D11-00A0C91BC942}") = "_cheat_impl", "impl\impl.vcxitems", "{916E8D22-2269-4ED6-91FD-D0B929079422}"
EndProject
Project("{8BC9CEB8-8B4A-11D0-8D11-00A0C91BC942}") = "__cheat_dll", "dll.vcxproj", "{87CD33F0-CB3F-43EE-9C49-34BD29A62CE7}"
EndProject
Project("{8BC9CEB8-8B4A-11D0-8D11-00A0C91BC942}") = "__cheat_test_exe", "exe.vcxproj", "{EE7D273D-18E8-4B69-9220-2E44F57C7EEF}"
EndProject
Project("{8BC9CEB8-8B4A-11D0-8D11-00A0C91BC942}") = "deps", "deps.vcxitems", "{17F387B3-5F09-4E35-97C5-0948D816B7E7}"
EndProject
Global
	GlobalSection(SharedMSBuildProjectFiles) = preSolution
		deps.vcxitems*{17f387b3-5f09-4e35-97c5-0948d816b7e7}*SharedItemsImports = 9
		deps.vcxitems*{87cd33f0-cb3f-43ee-9c49-34bd29a62ce7}*SharedItemsImports = 4
		impl\impl.vcxitems*{87cd33f0-cb3f-43ee-9c49-34bd29a62ce7}*SharedItemsImports = 4
		impl\impl.vcxitems*{916e8d22-2269-4ed6-91fd-d0b929079422}*SharedItemsImports = 9
		deps.vcxitems*{ee7d273d-18e8-4b69-9220-2e44f57c7eef}*SharedItemsImports = 4
		impl\impl.vcxitems*{ee7d273d-18e8-4b69-9220-2e44f57c7eef}*SharedItemsImports = 4
	EndGlobalSection
	GlobalSection(SolutionConfigurationPlatforms) = preSolution
		Debug|x64 = Debug|x64
		Debug|x86 = Debug|x86
		Release|x64 = Release|x64
		Release|x86 = Release|x86
	EndGlobalSection
	GlobalSection(ProjectConfigurationPlatforms) = postSolution
		{87CD33F0-CB3F-43EE-9C49-34BD29A62CE7}.Debug|x64.ActiveCfg = Debug|Win32
		{87CD33F0-CB3F-43EE-9C49-34BD29A62CE7}.Debug|x86.ActiveCfg = Debug|Win32
		{87CD33F0-CB3F-43EE-9C49-34BD29A62CE7}.Debug|x86.Build.0 = Debug|Win32
		{87CD33F0-CB3F-43EE-9C49-34BD29A62CE7}.Release|x64.ActiveCfg = Release|Win32
		{87CD33F0-CB3F-43EE-9C49-34BD29A62CE7}.Release|x86.ActiveCfg = Release|Win32
		{87CD33F0-CB3F-43EE-9C49-34BD29A62CE7}.Release|x86.Build.0 = Release|Win32
		{EE7D273D-18E8-4B69-9220-2E44F57C7EEF}.Debug|x64.ActiveCfg = Debug|Win32
		{EE7D273D-18E8-4B69-9220-2E44F57C7EEF}.Debug|x86.ActiveCfg = Debug|Win32
		{EE7D273D-18E8-4B69-9220-2E44F57C7EEF}.Debug|x86.Build.0 = Debug|Win32
		{EE7D273D-18E8-4B69-9220-2E44F57C7EEF}.Release|x64.ActiveCfg = Release|Win32
		{EE7D273D-18E8-4B69-9220-2E44F57C7EEF}.Release|x86.ActiveCfg = Release|Win32
		{EE7D273D-18E8-4B69-9220-2E44F57C7EEF}.Release|x86.Build.0 = Release|Win32
	EndGlobalSection
	GlobalSection(SolutionProperties) = preSolution
		HideSolutionNode = FALSE
	EndGlobalSection
	GlobalSection(ExtensibilityGlobals) = postSolution
		Qt5Version = $(DefaultQtVersion)
		SolutionGuid = {4C2BD1D5-32A3-4BEF-BEB3-A5E5EE8A1521}
	EndGlobalSection
EndGlobal
