
Microsoft Visual Studio Solution File, Format Version 12.00
# Visual Studio Version 17
VisualStudioVersion = 17.0.32014.148
MinimumVisualStudioVersion = 10.0.40219.1
Project("{8BC9CEB8-8B4A-11D0-8D11-00A0C91BC942}") = "cppcoro", "deps\cppcoro\cppcoro.vcxproj", "{1E29EFC0-4C53-411D-8C85-2315885676E9}"
EndProject
Project("{8BC9CEB8-8B4A-11D0-8D11-00A0C91BC942}") = "dhooks", "deps\dhooks\dhooks.vcxproj", "{49A4F286-F925-4697-B0A8-1E3D6FB830F0}"
EndProject
Project("{8BC9CEB8-8B4A-11D0-8D11-00A0C91BC942}") = "nstd", "deps\nstd\nstd.vcxproj", "{6832F075-A85B-4F2B-91B6-6055A57B2BF8}"
EndProject
Project("{8BC9CEB8-8B4A-11D0-8D11-00A0C91BC942}") = "imgui", "deps\imgui\imgui.vcxproj", "{DDAA17EC-019B-4B6C-80E0-DAD3DFC2C6C5}"
EndProject
Project("{8BC9CEB8-8B4A-11D0-8D11-00A0C91BC942}") = "gui test", "impl\gui test\gui test.vcxproj", "{87CD33F0-CB3F-43EE-9C49-34BD29A62CE7}"
EndProject
Project("{8BC9CEB8-8B4A-11D0-8D11-00A0C91BC942}") = "library", "impl\library\library.vcxproj", "{59F214ED-6BE9-4EEB-B6C5-0CA273F61A5C}"
EndProject
Project("{8BC9CEB8-8B4A-11D0-8D11-00A0C91BC942}") = "impl", "impl\cheat\impl.vcxproj", "{D4B46FB7-85BB-4462-9275-134467FBF6D8}"
EndProject
Project("{8BC9CEB8-8B4A-11D0-8D11-00A0C91BC942}") = "concurrencpp", "deps\concurrencpp\concurrencpp.vcxproj", "{2E854E3A-2736-47C5-97E2-BFE90D7B0BE6}"
EndProject
Project("{8BC9CEB8-8B4A-11D0-8D11-00A0C91BC942}") = "hooks test", "impl\hooks test\hooks test.vcxproj", "{9D2E1556-BB40-4B8E-AFE4-0462A5831F78}"
EndProject
Global
	GlobalSection(SolutionConfigurationPlatforms) = preSolution
		Debug|x86 = Debug|x86
		Release|x86 = Release|x86
	EndGlobalSection
	GlobalSection(ProjectConfigurationPlatforms) = postSolution
		{1E29EFC0-4C53-411D-8C85-2315885676E9}.Debug|x86.ActiveCfg = Debug|Win32
		{1E29EFC0-4C53-411D-8C85-2315885676E9}.Debug|x86.Build.0 = Debug|Win32
		{1E29EFC0-4C53-411D-8C85-2315885676E9}.Release|x86.ActiveCfg = Release|Win32
		{1E29EFC0-4C53-411D-8C85-2315885676E9}.Release|x86.Build.0 = Release|Win32
		{49A4F286-F925-4697-B0A8-1E3D6FB830F0}.Debug|x86.ActiveCfg = Debug|Win32
		{49A4F286-F925-4697-B0A8-1E3D6FB830F0}.Debug|x86.Build.0 = Debug|Win32
		{49A4F286-F925-4697-B0A8-1E3D6FB830F0}.Release|x86.ActiveCfg = Release|Win32
		{49A4F286-F925-4697-B0A8-1E3D6FB830F0}.Release|x86.Build.0 = Release|Win32
		{6832F075-A85B-4F2B-91B6-6055A57B2BF8}.Debug|x86.ActiveCfg = Debug|Win32
		{6832F075-A85B-4F2B-91B6-6055A57B2BF8}.Debug|x86.Build.0 = Debug|Win32
		{6832F075-A85B-4F2B-91B6-6055A57B2BF8}.Release|x86.ActiveCfg = Release|Win32
		{6832F075-A85B-4F2B-91B6-6055A57B2BF8}.Release|x86.Build.0 = Release|Win32
		{DDAA17EC-019B-4B6C-80E0-DAD3DFC2C6C5}.Debug|x86.ActiveCfg = Debug|Win32
		{DDAA17EC-019B-4B6C-80E0-DAD3DFC2C6C5}.Debug|x86.Build.0 = Debug|Win32
		{DDAA17EC-019B-4B6C-80E0-DAD3DFC2C6C5}.Release|x86.ActiveCfg = Release|Win32
		{DDAA17EC-019B-4B6C-80E0-DAD3DFC2C6C5}.Release|x86.Build.0 = Release|Win32
		{87CD33F0-CB3F-43EE-9C49-34BD29A62CE7}.Debug|x86.ActiveCfg = Debug|Win32
		{87CD33F0-CB3F-43EE-9C49-34BD29A62CE7}.Debug|x86.Build.0 = Debug|Win32
		{87CD33F0-CB3F-43EE-9C49-34BD29A62CE7}.Release|x86.ActiveCfg = Release|Win32
		{87CD33F0-CB3F-43EE-9C49-34BD29A62CE7}.Release|x86.Build.0 = Release|Win32
		{59F214ED-6BE9-4EEB-B6C5-0CA273F61A5C}.Debug|x86.ActiveCfg = Debug|Win32
		{59F214ED-6BE9-4EEB-B6C5-0CA273F61A5C}.Debug|x86.Build.0 = Debug|Win32
		{59F214ED-6BE9-4EEB-B6C5-0CA273F61A5C}.Release|x86.ActiveCfg = Release|Win32
		{59F214ED-6BE9-4EEB-B6C5-0CA273F61A5C}.Release|x86.Build.0 = Release|Win32
		{D4B46FB7-85BB-4462-9275-134467FBF6D8}.Debug|x86.ActiveCfg = Debug|Win32
		{D4B46FB7-85BB-4462-9275-134467FBF6D8}.Debug|x86.Build.0 = Debug|Win32
		{D4B46FB7-85BB-4462-9275-134467FBF6D8}.Release|x86.ActiveCfg = Release|Win32
		{D4B46FB7-85BB-4462-9275-134467FBF6D8}.Release|x86.Build.0 = Release|Win32
		{2E854E3A-2736-47C5-97E2-BFE90D7B0BE6}.Debug|x86.ActiveCfg = Debug|Win32
		{2E854E3A-2736-47C5-97E2-BFE90D7B0BE6}.Debug|x86.Build.0 = Debug|Win32
		{2E854E3A-2736-47C5-97E2-BFE90D7B0BE6}.Release|x86.ActiveCfg = Release|Win32
		{2E854E3A-2736-47C5-97E2-BFE90D7B0BE6}.Release|x86.Build.0 = Release|Win32
		{9D2E1556-BB40-4B8E-AFE4-0462A5831F78}.Debug|x86.ActiveCfg = Debug|Win32
		{9D2E1556-BB40-4B8E-AFE4-0462A5831F78}.Debug|x86.Build.0 = Debug|Win32
		{9D2E1556-BB40-4B8E-AFE4-0462A5831F78}.Release|x86.ActiveCfg = Release|Win32
		{9D2E1556-BB40-4B8E-AFE4-0462A5831F78}.Release|x86.Build.0 = Release|Win32
	EndGlobalSection
	GlobalSection(SolutionProperties) = preSolution
		HideSolutionNode = FALSE
	EndGlobalSection
	GlobalSection(ExtensibilityGlobals) = postSolution
		SolutionGuid = {4C2BD1D5-32A3-4BEF-BEB3-A5E5EE8A1521}
		Qt5Version = $(DefaultQtVersion)
	EndGlobalSection
EndGlobal
